{
  "name": "derived-cms",
  "version": "1.0.0",
  "lockfileVersion": 1,
  "requires": true,
  "dependencies": {
    "@koa/cors": {
      "version": "3.0.0",
      "resolved": "https://registry.npmjs.org/@koa/cors/-/cors-3.0.0.tgz",
      "integrity": "sha512-hDp+cXj6vTYSwHRJfiSpnf5dTMv3FmqNKh1or9BPJk4SHOviHnK9GoL9dT0ypt/E+hlkRkZ9edHylcosW3Ghrw==",
      "requires": {
        "vary": "^1.1.2"
      }
    },
    "@types/accepts": {
      "version": "1.3.5",
      "resolved": "https://registry.npmjs.org/@types/accepts/-/accepts-1.3.5.tgz",
      "integrity": "sha512-jOdnI/3qTpHABjM5cx1Hc0sKsPoYCp+DP/GJRGtDlPd7fiV9oXGGIcjW/ZOxLIvjGz8MA+uMZI9metHlgqbgwQ==",
      "dev": true,
      "requires": {
        "@types/node": "*"
      }
    },
    "@types/body-parser": {
      "version": "1.17.0",
      "resolved": "https://registry.npmjs.org/@types/body-parser/-/body-parser-1.17.0.tgz",
      "integrity": "sha512-a2+YeUjPkztKJu5aIF2yArYFQQp8d51wZ7DavSHjFuY1mqVgidGyzEQ41JIVNy82fXj8yPgy2vJmfIywgESW6w==",
      "dev": true,
      "requires": {
        "@types/connect": "*",
        "@types/node": "*"
      }
    },
    "@types/bson": {
      "version": "4.0.0",
      "resolved": "https://registry.npmjs.org/@types/bson/-/bson-4.0.0.tgz",
      "integrity": "sha512-pq/rqJwJWkbS10crsG5bgnrisL8pML79KlMKQMoQwLUjlPAkrUHMvHJ3oGwE7WHR61Lv/nadMwXVAD2b+fpD8Q==",
      "dev": true,
      "requires": {
        "@types/node": "*"
      }
    },
    "@types/chalk": {
      "version": "2.2.0",
      "resolved": "https://registry.npmjs.org/@types/chalk/-/chalk-2.2.0.tgz",
      "integrity": "sha512-1zzPV9FDe1I/WHhRkf9SNgqtRJWZqrBWgu7JGveuHmmyR9CnAPCie2N/x+iHrgnpYBIcCJWHBoMRv2TRWktsvw==",
      "dev": true,
      "requires": {
        "chalk": "*"
      }
    },
    "@types/connect": {
      "version": "3.4.32",
      "resolved": "https://registry.npmjs.org/@types/connect/-/connect-3.4.32.tgz",
      "integrity": "sha512-4r8qa0quOvh7lGD0pre62CAb1oni1OO6ecJLGCezTmhQ8Fz50Arx9RUszryR8KlgK6avuSXvviL6yWyViQABOg==",
      "dev": true,
      "requires": {
        "@types/node": "*"
      }
    },
    "@types/cookies": {
      "version": "0.7.2",
      "resolved": "https://registry.npmjs.org/@types/cookies/-/cookies-0.7.2.tgz",
      "integrity": "sha512-jnihWgshWystcJKrz8C9hV+Ot9lqOUyAh2RF+o3BEo6K6AS2l4zYCb9GYaBuZ3C6Il59uIGqpE3HvCun4KKeJA==",
      "dev": true,
      "requires": {
        "@types/connect": "*",
        "@types/express": "*",
        "@types/keygrip": "*",
        "@types/node": "*"
      }
    },
    "@types/dotenv": {
      "version": "6.1.1",
      "resolved": "https://registry.npmjs.org/@types/dotenv/-/dotenv-6.1.1.tgz",
      "integrity": "sha512-ftQl3DtBvqHl9L16tpqqzA4YzCSXZfi7g8cQceTz5rOlYtk/IZbFjAv3mLOQlNIgOaylCQWQoBdDQHPgEBJPHg==",
      "dev": true,
      "requires": {
        "@types/node": "*"
      }
    },
    "@types/express": {
      "version": "4.17.0",
      "resolved": "https://registry.npmjs.org/@types/express/-/express-4.17.0.tgz",
      "integrity": "sha512-CjaMu57cjgjuZbh9DpkloeGxV45CnMGlVd+XpG7Gm9QgVrd7KFq+X4HY0vM+2v0bczS48Wg7bvnMY5TN+Xmcfw==",
      "dev": true,
      "requires": {
        "@types/body-parser": "*",
        "@types/express-serve-static-core": "*",
        "@types/serve-static": "*"
      }
    },
    "@types/express-serve-static-core": {
      "version": "4.16.7",
      "resolved": "https://registry.npmjs.org/@types/express-serve-static-core/-/express-serve-static-core-4.16.7.tgz",
      "integrity": "sha512-847KvL8Q1y3TtFLRTXcVakErLJQgdpFSaq+k043xefz9raEf0C7HalpSY7OW5PyjCnY8P7bPW5t/Co9qqp+USg==",
      "dev": true,
      "requires": {
        "@types/node": "*",
        "@types/range-parser": "*"
      }
    },
    "@types/fs-extra": {
      "version": "8.0.0",
      "resolved": "https://registry.npmjs.org/@types/fs-extra/-/fs-extra-8.0.0.tgz",
      "integrity": "sha512-bCtL5v9zdbQW86yexOlXWTEGvLNqWxMFyi7gQA7Gcthbezr2cPSOb8SkESVKA937QD5cIwOFLDFt0MQoXOEr9Q==",
      "dev": true,
      "requires": {
        "@types/node": "*"
      }
    },
    "@types/http-assert": {
      "version": "1.4.1",
      "resolved": "https://registry.npmjs.org/@types/http-assert/-/http-assert-1.4.1.tgz",
      "integrity": "sha512-KyvONsZjp0guJn+PvCGOMOBM6n0ImmF+Pi6/giXcB9skmlxZkSwEg15OkpBCYEr+xxkn+aqjlX1qqEgUJVxfLQ==",
      "dev": true
    },
    "@types/keygrip": {
      "version": "1.0.1",
      "resolved": "https://registry.npmjs.org/@types/keygrip/-/keygrip-1.0.1.tgz",
      "integrity": "sha1-/1QEYtL7TQqIRBzq8n0oewHD2Hg=",
      "dev": true
    },
    "@types/koa": {
      "version": "2.0.49",
      "resolved": "https://registry.npmjs.org/@types/koa/-/koa-2.0.49.tgz",
      "integrity": "sha512-WQWpCH8O4Dslk8IcXfazff40aM1jXX7BQRbADIj/fKozVPu76P/wQE4sRe2SCWMn8yNkOcare2MkDrnZqLMkPQ==",
      "dev": true,
      "requires": {
        "@types/accepts": "*",
        "@types/cookies": "*",
        "@types/http-assert": "*",
        "@types/keygrip": "*",
        "@types/koa-compose": "*",
        "@types/node": "*"
      }
    },
    "@types/koa-compose": {
      "version": "3.2.4",
      "resolved": "https://registry.npmjs.org/@types/koa-compose/-/koa-compose-3.2.4.tgz",
      "integrity": "sha512-ioou0rxkuWL+yBQYsHUQAzRTfVxAg8Y2VfMftU+Y3RA03/MzuFL0x/M2sXXj3PkfnENbHsjeHR1aMdezLYpTeA==",
      "dev": true,
      "requires": {
        "@types/koa": "*"
      }
    },
    "@types/koa-router": {
      "version": "7.0.42",
      "resolved": "https://registry.npmjs.org/@types/koa-router/-/koa-router-7.0.42.tgz",
      "integrity": "sha512-mggrNY7Ywwjt7QjaMAlbb1ixE+v7AFskOeyKdmZT/NvPVEAo48gYUxIcF8ILlMc3eg1bo6SxNoUcbxhTv7edrA==",
      "dev": true,
      "requires": {
        "@types/koa": "*"
      }
    },
    "@types/koa-send": {
      "version": "4.1.2",
      "resolved": "https://registry.npmjs.org/@types/koa-send/-/koa-send-4.1.2.tgz",
      "integrity": "sha512-rfqKIv9bFds39Jxvsp8o3YJLnEQVPVriYA14AuO2OY65IHh/4UX4U/iMs5L0wATpcRmm1bbe0BNk23TRwx3VQQ==",
      "dev": true,
      "requires": {
        "@types/koa": "*"
      }
    },
    "@types/koa-static": {
      "version": "4.0.1",
      "resolved": "https://registry.npmjs.org/@types/koa-static/-/koa-static-4.0.1.tgz",
      "integrity": "sha512-SSpct5fEcAeRkBHa3RiwCIRfDHcD1cZRhwRF///ZfvRt8KhoqRrhK6wpDlYPk/vWHVFE9hPGqh68bhzsHkir4w==",
      "dev": true,
      "requires": {
        "@types/koa": "*",
        "@types/koa-send": "*"
      }
    },
    "@types/mime": {
      "version": "2.0.1",
      "resolved": "https://registry.npmjs.org/@types/mime/-/mime-2.0.1.tgz",
      "integrity": "sha512-FwI9gX75FgVBJ7ywgnq/P7tw+/o1GUbtP0KzbtusLigAOgIgNISRK0ZPl4qertvXSIE8YbsVJueQ90cDt9YYyw==",
      "dev": true
    },
    "@types/mongodb": {
      "version": "3.1.28",
      "resolved": "https://registry.npmjs.org/@types/mongodb/-/mongodb-3.1.28.tgz",
      "integrity": "sha512-tG+QqJ/hir2p0069ee28t2O9tlGRJKDq1WFZC2QYMlU47LGdldLL8tepfTq6aFLvP58OpwSoxaJ/qjW93ob1NQ==",
      "dev": true,
      "requires": {
        "@types/bson": "*",
        "@types/node": "*"
      }
    },
    "@types/mongoose": {
      "version": "5.5.7",
      "resolved": "https://registry.npmjs.org/@types/mongoose/-/mongoose-5.5.7.tgz",
      "integrity": "sha512-bQTgH19lwY56T4YE6YTeobTtJ4EVTqP8ST5lFxjecPHC+/ebpHU8W01by4KEGSg5AeWFWVCePUi44wHuFzbxDQ==",
      "dev": true,
      "requires": {
        "@types/mongodb": "*",
        "@types/node": "*"
      }
    },
    "@types/node": {
      "version": "12.0.12",
      "resolved": "https://registry.npmjs.org/@types/node/-/node-12.0.12.tgz",
      "integrity": "sha512-Uy0PN4R5vgBUXFoJrKryf5aTk3kJ8Rv3PdlHjl6UaX+Cqp1QE0yPQ68MPXGrZOfG7gZVNDIJZYyot0B9ubXUrQ==",
      "dev": true
    },
    "@types/node-emoji": {
      "version": "1.8.1",
      "resolved": "https://registry.npmjs.org/@types/node-emoji/-/node-emoji-1.8.1.tgz",
      "integrity": "sha512-0fRfA90FWm6KJfw6P9QGyo0HDTCmthZ7cWaBQndITlaWLTZ6njRyKwrwpzpg+n6kBXBIGKeUHEQuBx7bphGJkA==",
      "dev": true
    },
    "@types/range-parser": {
      "version": "1.2.3",
      "resolved": "https://registry.npmjs.org/@types/range-parser/-/range-parser-1.2.3.tgz",
      "integrity": "sha512-ewFXqrQHlFsgc09MK5jP5iR7vumV/BYayNC6PgJO2LPe8vrnNFyjQjSppfEngITi0qvfKtzFvgKymGheFM9UOA==",
      "dev": true
    },
    "@types/serve-static": {
      "version": "1.13.2",
      "resolved": "https://registry.npmjs.org/@types/serve-static/-/serve-static-1.13.2.tgz",
      "integrity": "sha512-/BZ4QRLpH/bNYgZgwhKEh+5AsboDBcUdlBYgzoLX0fpj3Y2gp6EApyOlM3bK53wQS/OE1SrdSYBAbux2D1528Q==",
      "dev": true,
      "requires": {
        "@types/express-serve-static-core": "*",
        "@types/mime": "*"
      }
    },
    "accepts": {
      "version": "1.3.7",
      "resolved": "https://registry.npmjs.org/accepts/-/accepts-1.3.7.tgz",
      "integrity": "sha512-Il80Qs2WjYlJIBNzNkK6KYqlVMTbZLXgHx2oT0pU/fjRHyEp+PEfEPY0R3WCwAGVOtauxh1hOxNgIf5bv7dQpA==",
      "requires": {
        "mime-types": "~2.1.24",
        "negotiator": "0.6.2"
      }
    },
    "ansi-styles": {
      "version": "3.2.1",
      "resolved": "https://registry.npmjs.org/ansi-styles/-/ansi-styles-3.2.1.tgz",
      "integrity": "sha512-VT0ZI6kZRdTh8YyJw3SMbYm/u+NqfsAxEpWO0Pf9sq8/e94WxxOpPKx9FR1FlyCtOVDNOQ+8ntlqFxiRc+r5qA==",
      "requires": {
        "color-convert": "^1.9.0"
      }
    },
    "any-promise": {
      "version": "1.3.0",
      "resolved": "https://registry.npmjs.org/any-promise/-/any-promise-1.3.0.tgz",
      "integrity": "sha1-q8av7tzqUugJzcA3au0845Y10X8="
    },
    "async": {
      "version": "2.6.2",
      "resolved": "https://registry.npmjs.org/async/-/async-2.6.2.tgz",
      "integrity": "sha512-H1qVYh1MYhEEFLsP97cVKqCGo7KfCyTt6uEWqsTBr9SO84oK9Uwbyd/yCW+6rKJLHksBNUVWZDAjfS+Ccx0Bbg==",
      "requires": {
        "lodash": "^4.17.11"
      }
    },
    "bluebird": {
      "version": "3.5.1",
      "resolved": "https://registry.npmjs.org/bluebird/-/bluebird-3.5.1.tgz",
      "integrity": "sha512-MKiLiV+I1AA596t9w1sQJ8jkiSr5+ZKi0WKrYGUn6d1Fx+Ij4tIj+m2WMQSGczs5jZVxV339chE8iwk6F64wjA=="
    },
    "bson": {
      "version": "1.1.1",
      "resolved": "https://registry.npmjs.org/bson/-/bson-1.1.1.tgz",
      "integrity": "sha512-jCGVYLoYMHDkOsbwJZBCqwMHyH4c+wzgI9hG7Z6SZJRXWr+x58pdIbm2i9a/jFGCkRJqRUr8eoI7lDWa0hTkxg=="
    },
    "cache-content-type": {
      "version": "1.0.1",
      "resolved": "https://registry.npmjs.org/cache-content-type/-/cache-content-type-1.0.1.tgz",
      "integrity": "sha512-IKufZ1o4Ut42YUrZSo8+qnMTrFuKkvyoLXUywKz9GJ5BrhOFGhLdkx9sG4KAnVvbY6kEcSFjLQul+DVmBm2bgA==",
      "requires": {
        "mime-types": "^2.1.18",
        "ylru": "^1.2.0"
      }
    },
    "chalk": {
      "version": "2.4.2",
      "resolved": "https://registry.npmjs.org/chalk/-/chalk-2.4.2.tgz",
      "integrity": "sha512-Mti+f9lpJNcwF4tWV8/OrTTtF1gZi+f8FqlyAdouralcFWFQWF2+NgCHShjkCb+IFBLq9buZwE1xckQU4peSuQ==",
      "requires": {
        "ansi-styles": "^3.2.1",
        "escape-string-regexp": "^1.0.5",
        "supports-color": "^5.3.0"
      }
    },
    "co": {
      "version": "4.6.0",
      "resolved": "https://registry.npmjs.org/co/-/co-4.6.0.tgz",
      "integrity": "sha1-bqa989hTrlTMuOR7+gvz+QMfsYQ="
    },
    "color-convert": {
      "version": "1.9.3",
      "resolved": "https://registry.npmjs.org/color-convert/-/color-convert-1.9.3.tgz",
      "integrity": "sha512-QfAUtd+vFdAtFQcC8CCyYt1fYWxSqAiK2cSD6zDB8N3cpsEBAvRxp9zOGg6G/SHHJYAT88/az/IuDGALsNVbGg==",
      "requires": {
        "color-name": "1.1.3"
      }
    },
    "color-name": {
      "version": "1.1.3",
      "resolved": "https://registry.npmjs.org/color-name/-/color-name-1.1.3.tgz",
      "integrity": "sha1-p9BVi9icQveV3UIyj3QIMcpTvCU="
    },
    "content-disposition": {
      "version": "0.5.3",
      "resolved": "https://registry.npmjs.org/content-disposition/-/content-disposition-0.5.3.tgz",
      "integrity": "sha512-ExO0774ikEObIAEV9kDo50o+79VCUdEB6n6lzKgGwupcVeRlhrj3qGAfwq8G6uBJjkqLrhT0qEYFcWng8z1z0g==",
      "requires": {
        "safe-buffer": "5.1.2"
      }
    },
    "content-type": {
      "version": "1.0.4",
      "resolved": "https://registry.npmjs.org/content-type/-/content-type-1.0.4.tgz",
      "integrity": "sha512-hIP3EEPs8tB9AT1L+NUqtwOAps4mk2Zob89MWXMHjHWg9milF/j4osnnQLXBCBFBk/tvIG/tUc9mOUJiPBhPXA=="
    },
    "cookies": {
      "version": "0.7.3",
      "resolved": "https://registry.npmjs.org/cookies/-/cookies-0.7.3.tgz",
      "integrity": "sha512-+gixgxYSgQLTaTIilDHAdlNPZDENDQernEMiIcZpYYP14zgHsCt4Ce1FEjFtcp6GefhozebB6orvhAAWx/IS0A==",
      "requires": {
        "depd": "~1.1.2",
        "keygrip": "~1.0.3"
      }
    },
    "debug": {
      "version": "3.1.0",
      "resolved": "https://registry.npmjs.org/debug/-/debug-3.1.0.tgz",
      "integrity": "sha512-OX8XqP7/1a9cqkxYw2yXss15f26NKWBpDXQd0/uK/KPqdQhxbPa994hnzjcE2VqQpDslf55723cKPUOGSmMY3g==",
      "requires": {
        "ms": "2.0.0"
      }
    },
    "deep-equal": {
      "version": "1.0.1",
      "resolved": "https://registry.npmjs.org/deep-equal/-/deep-equal-1.0.1.tgz",
      "integrity": "sha1-9dJgKStmDghO/0zbyfCK0yR0SLU="
    },
    "delegates": {
      "version": "1.0.0",
      "resolved": "https://registry.npmjs.org/delegates/-/delegates-1.0.0.tgz",
      "integrity": "sha1-hMbhWbgZBP3KWaDvRM2HDTElD5o="
    },
    "depd": {
      "version": "1.1.2",
      "resolved": "https://registry.npmjs.org/depd/-/depd-1.1.2.tgz",
      "integrity": "sha1-m81S4UwJd2PnSbJ0xDRu0uVgtak="
    },
    "destroy": {
      "version": "1.0.4",
      "resolved": "https://registry.npmjs.org/destroy/-/destroy-1.0.4.tgz",
      "integrity": "sha1-l4hXRCxEdJ5CBmE+N5RiBYJqvYA="
    },
    "dotenv": {
      "version": "8.0.0",
      "resolved": "https://registry.npmjs.org/dotenv/-/dotenv-8.0.0.tgz",
      "integrity": "sha512-30xVGqjLjiUOArT4+M5q9sYdvuR4riM6yK9wMcas9Vbp6zZa+ocC9dp6QoftuhTPhFAiLK/0C5Ni2nou/Bk8lg=="
    },
    "ee-first": {
      "version": "1.1.1",
      "resolved": "https://registry.npmjs.org/ee-first/-/ee-first-1.1.1.tgz",
      "integrity": "sha1-WQxhFWsK4vTwJVcyoViyZrxWsh0="
    },
    "error-inject": {
      "version": "1.0.0",
      "resolved": "https://registry.npmjs.org/error-inject/-/error-inject-1.0.0.tgz",
      "integrity": "sha1-4rPZG1Su1nLzCdlQ0VSFD6EdTzc="
    },
    "escape-html": {
      "version": "1.0.3",
      "resolved": "https://registry.npmjs.org/escape-html/-/escape-html-1.0.3.tgz",
      "integrity": "sha1-Aljq5NPQwJdN4cFpGI7wBR0dGYg="
    },
    "escape-string-regexp": {
      "version": "1.0.5",
      "resolved": "https://registry.npmjs.org/escape-string-regexp/-/escape-string-regexp-1.0.5.tgz",
      "integrity": "sha1-G2HAViGQqN/2rjuyzwIAyhMLhtQ="
    },
    "fresh": {
      "version": "0.5.2",
      "resolved": "https://registry.npmjs.org/fresh/-/fresh-0.5.2.tgz",
      "integrity": "sha1-PYyt2Q2XZWn6g1qx+OSyOhBWBac="
    },
    "fs-extra": {
      "version": "8.1.0",
      "resolved": "https://registry.npmjs.org/fs-extra/-/fs-extra-8.1.0.tgz",
      "integrity": "sha512-yhlQgA6mnOJUKOsRUFsgJdQCvkKhcz8tlZG5HBQfReYZy46OwLcY+Zia0mtdHsOo9y/hP+CxMN0TU9QxoOtG4g==",
      "requires": {
        "graceful-fs": "^4.2.0",
        "jsonfile": "^4.0.0",
        "universalify": "^0.1.0"
      }
    },
    "graceful-fs": {
      "version": "4.2.0",
      "resolved": "https://registry.npmjs.org/graceful-fs/-/graceful-fs-4.2.0.tgz",
      "integrity": "sha512-jpSvDPV4Cq/bgtpndIWbI5hmYxhQGHPC4d4cqBPb4DLniCfhJokdXhwhaDuLBGLQdvvRum/UiX6ECVIPvDXqdg=="
    },
    "has-flag": {
      "version": "3.0.0",
      "resolved": "https://registry.npmjs.org/has-flag/-/has-flag-3.0.0.tgz",
      "integrity": "sha1-tdRU3CGZriJWmfNGfloH87lVuv0="
    },
    "http-assert": {
      "version": "1.4.1",
      "resolved": "https://registry.npmjs.org/http-assert/-/http-assert-1.4.1.tgz",
      "integrity": "sha512-rdw7q6GTlibqVVbXr0CKelfV5iY8G2HqEUkhSk297BMbSpSL8crXC+9rjKoMcZZEsksX30le6f/4ul4E28gegw==",
      "requires": {
        "deep-equal": "~1.0.1",
        "http-errors": "~1.7.2"
      }
    },
    "http-errors": {
      "version": "1.7.3",
      "resolved": "https://registry.npmjs.org/http-errors/-/http-errors-1.7.3.tgz",
      "integrity": "sha512-ZTTX0MWrsQ2ZAhA1cejAwDLycFsd7I7nVtnkT3Ol0aqodaKW+0CTZDQ1uBv5whptCnc8e8HeRRJxRs0kmm/Qfw==",
      "requires": {
        "depd": "~1.1.2",
        "inherits": "2.0.4",
        "setprototypeof": "1.1.1",
        "statuses": ">= 1.5.0 < 2",
        "toidentifier": "1.0.0"
      }
    },
    "inherits": {
      "version": "2.0.4",
      "resolved": "https://registry.npmjs.org/inherits/-/inherits-2.0.4.tgz",
      "integrity": "sha512-k/vGaX4/Yla3WzyMCvTQOXYeIHvqOKtnqBduzTHpzpQZzAskKMhZ2K+EnBiSM9zGSoIFeMpXKxa4dYeZIQqewQ=="
    },
    "is-generator-function": {
      "version": "1.0.7",
      "resolved": "https://registry.npmjs.org/is-generator-function/-/is-generator-function-1.0.7.tgz",
      "integrity": "sha512-YZc5EwyO4f2kWCax7oegfuSr9mFz1ZvieNYBEjmukLxgXfBUbxAWGVF7GZf0zidYtoBl3WvC07YK0wT76a+Rtw=="
    },
    "isarray": {
      "version": "0.0.1",
      "resolved": "https://registry.npmjs.org/isarray/-/isarray-0.0.1.tgz",
      "integrity": "sha1-ihis/Kmo9Bd+Cav8YDiTmwXR7t8="
    },
    "jsonfile": {
      "version": "4.0.0",
      "resolved": "https://registry.npmjs.org/jsonfile/-/jsonfile-4.0.0.tgz",
      "integrity": "sha1-h3Gq4HmbZAdrdmQPygWPnBDjPss=",
      "requires": {
        "graceful-fs": "^4.1.6"
      }
    },
    "kareem": {
      "version": "2.3.0",
      "resolved": "https://registry.npmjs.org/kareem/-/kareem-2.3.0.tgz",
      "integrity": "sha512-6hHxsp9e6zQU8nXsP+02HGWXwTkOEw6IROhF2ZA28cYbUk4eJ6QbtZvdqZOdD9YPKghG3apk5eOCvs+tLl3lRg=="
    },
    "keygrip": {
      "version": "1.0.3",
      "resolved": "https://registry.npmjs.org/keygrip/-/keygrip-1.0.3.tgz",
      "integrity": "sha512-/PpesirAIfaklxUzp4Yb7xBper9MwP6hNRA6BGGUFCgbJ+BM5CKBtsoxinNXkLHAr+GXS1/lSlF2rP7cv5Fl+g=="
    },
    "koa": {
      "version": "2.7.0",
      "resolved": "https://registry.npmjs.org/koa/-/koa-2.7.0.tgz",
      "integrity": "sha512-7ojD05s2Q+hFudF8tDLZ1CpCdVZw8JQELWSkcfG9bdtoTDzMmkRF6BQBU7JzIzCCOY3xd3tftiy/loHBUYaY2Q==",
      "requires": {
        "accepts": "^1.3.5",
        "cache-content-type": "^1.0.0",
        "content-disposition": "~0.5.2",
        "content-type": "^1.0.4",
        "cookies": "~0.7.1",
        "debug": "~3.1.0",
        "delegates": "^1.0.0",
        "depd": "^1.1.2",
        "destroy": "^1.0.4",
        "error-inject": "^1.0.0",
        "escape-html": "^1.0.3",
        "fresh": "~0.5.2",
        "http-assert": "^1.3.0",
        "http-errors": "^1.6.3",
        "is-generator-function": "^1.0.7",
        "koa-compose": "^4.1.0",
        "koa-convert": "^1.2.0",
        "koa-is-json": "^1.0.0",
        "on-finished": "^2.3.0",
        "only": "~0.0.2",
        "parseurl": "^1.3.2",
        "statuses": "^1.5.0",
        "type-is": "^1.6.16",
        "vary": "^1.1.2"
      }
    },
    "koa-compose": {
      "version": "4.1.0",
      "resolved": "https://registry.npmjs.org/koa-compose/-/koa-compose-4.1.0.tgz",
      "integrity": "sha512-8ODW8TrDuMYvXRwra/Kh7/rJo9BtOfPc6qO8eAfC80CnCvSjSl0bkRM24X6/XBBEyj0v1nRUQ1LyOy3dbqOWXw=="
    },
    "koa-convert": {
      "version": "1.2.0",
      "resolved": "https://registry.npmjs.org/koa-convert/-/koa-convert-1.2.0.tgz",
      "integrity": "sha1-2kCHXfSd4FOQmNFwC1CCDOvNIdA=",
      "requires": {
        "co": "^4.6.0",
        "koa-compose": "^3.0.0"
      },
      "dependencies": {
        "koa-compose": {
          "version": "3.2.1",
          "resolved": "https://registry.npmjs.org/koa-compose/-/koa-compose-3.2.1.tgz",
          "integrity": "sha1-qFzLQLfZhtjlo0Wzoazo6rz1Tec=",
          "requires": {
            "any-promise": "^1.1.0"
          }
        }
      }
    },
    "koa-is-json": {
      "version": "1.0.0",
      "resolved": "https://registry.npmjs.org/koa-is-json/-/koa-is-json-1.0.0.tgz",
      "integrity": "sha1-JzwH7c3Ljfaiwat9We52SRRR7BQ="
    },
    "koa-router": {
      "version": "7.4.0",
      "resolved": "https://registry.npmjs.org/koa-router/-/koa-router-7.4.0.tgz",
      "integrity": "sha512-IWhaDXeAnfDBEpWS6hkGdZ1ablgr6Q6pGdXCyK38RbzuH4LkUOpPqPw+3f8l8aTDrQmBQ7xJc0bs2yV4dzcO+g==",
      "requires": {
        "debug": "^3.1.0",
        "http-errors": "^1.3.1",
        "koa-compose": "^3.0.0",
        "methods": "^1.0.1",
        "path-to-regexp": "^1.1.1",
        "urijs": "^1.19.0"
      },
      "dependencies": {
        "koa-compose": {
          "version": "3.2.1",
          "resolved": "https://registry.npmjs.org/koa-compose/-/koa-compose-3.2.1.tgz",
          "integrity": "sha1-qFzLQLfZhtjlo0Wzoazo6rz1Tec=",
          "requires": {
            "any-promise": "^1.1.0"
          }
        }
      }
    },
    "koa-send": {
      "version": "5.0.0",
      "resolved": "https://registry.npmjs.org/koa-send/-/koa-send-5.0.0.tgz",
      "integrity": "sha512-90ZotV7t0p3uN9sRwW2D484rAaKIsD8tAVtypw/aBU+ryfV+fR2xrcAwhI8Wl6WRkojLUs/cB9SBSCuIb+IanQ==",
      "requires": {
        "debug": "^3.1.0",
        "http-errors": "^1.6.3",
        "mz": "^2.7.0",
        "resolve-path": "^1.4.0"
      }
    },
    "koa-static": {
      "version": "5.0.0",
      "resolved": "https://registry.npmjs.org/koa-static/-/koa-static-5.0.0.tgz",
      "integrity": "sha512-UqyYyH5YEXaJrf9S8E23GoJFQZXkBVJ9zYYMPGz919MSX1KuvAcycIuS0ci150HCoPf4XQVhQ84Qf8xRPWxFaQ==",
      "requires": {
        "debug": "^3.1.0",
        "koa-send": "^5.0.0"
      }
    },
    "lodash": {
      "version": "4.17.11",
      "resolved": "https://registry.npmjs.org/lodash/-/lodash-4.17.11.tgz",
      "integrity": "sha512-cQKh8igo5QUhZ7lg38DYWAxMvjSAKG0A8wGSVimP07SIUEK2UO+arSRKbRZWtelMtN5V0Hkwh5ryOto/SshYIg=="
    },
    "lodash.toarray": {
      "version": "4.4.0",
      "resolved": "https://registry.npmjs.org/lodash.toarray/-/lodash.toarray-4.4.0.tgz",
      "integrity": "sha1-JMS/zWsvuji/0FlNsRedjptlZWE="
    },
    "media-typer": {
      "version": "0.3.0",
      "resolved": "https://registry.npmjs.org/media-typer/-/media-typer-0.3.0.tgz",
      "integrity": "sha1-hxDXrwqmJvj/+hzgAWhUUmMlV0g="
    },
    "memory-pager": {
      "version": "1.5.0",
      "resolved": "https://registry.npmjs.org/memory-pager/-/memory-pager-1.5.0.tgz",
      "integrity": "sha512-ZS4Bp4r/Zoeq6+NLJpP+0Zzm0pR8whtGPf1XExKLJBAczGMnSi3It14OiNCStjQjM6NU1okjQGSxgEZN8eBYKg==",
      "optional": true
    },
    "methods": {
      "version": "1.1.2",
      "resolved": "https://registry.npmjs.org/methods/-/methods-1.1.2.tgz",
      "integrity": "sha1-VSmk1nZUE07cxSZmVoNbD4Ua/O4="
    },
    "mime-db": {
      "version": "1.40.0",
      "resolved": "https://registry.npmjs.org/mime-db/-/mime-db-1.40.0.tgz",
      "integrity": "sha512-jYdeOMPy9vnxEqFRRo6ZvTZ8d9oPb+k18PKoYNYUe2stVEBPPwsln/qWzdbmaIvnhZ9v2P+CuecK+fpUfsV2mA=="
    },
    "mime-types": {
      "version": "2.1.24",
      "resolved": "https://registry.npmjs.org/mime-types/-/mime-types-2.1.24.tgz",
      "integrity": "sha512-WaFHS3MCl5fapm3oLxU4eYDw77IQM2ACcxQ9RIxfaC3ooc6PFuBMGZZsYpvoXS5D5QTWPieo1jjLdAm3TBP3cQ==",
      "requires": {
        "mime-db": "1.40.0"
      }
    },
    "mongodb": {
      "version": "3.2.7",
      "resolved": "https://registry.npmjs.org/mongodb/-/mongodb-3.2.7.tgz",
      "integrity": "sha512-2YdWrdf1PJgxcCrT1tWoL6nHuk6hCxhddAAaEh8QJL231ci4+P9FLyqopbTm2Z2sAU6mhCri+wd9r1hOcHdoMw==",
      "requires": {
        "mongodb-core": "3.2.7",
        "safe-buffer": "^5.1.2"
      }
    },
    "mongodb-core": {
      "version": "3.2.7",
      "resolved": "https://registry.npmjs.org/mongodb-core/-/mongodb-core-3.2.7.tgz",
      "integrity": "sha512-WypKdLxFNPOH/Jy6i9z47IjG2wIldA54iDZBmHMINcgKOUcWJh8og+Wix76oGd7EyYkHJKssQ2FAOw5Su/n4XQ==",
      "requires": {
        "bson": "^1.1.1",
        "require_optional": "^1.0.1",
        "safe-buffer": "^5.1.2",
        "saslprep": "^1.0.0"
      }
    },
    "mongoose": {
      "version": "5.6.3",
      "resolved": "https://registry.npmjs.org/mongoose/-/mongoose-5.6.3.tgz",
      "integrity": "sha512-eMpT33DMbigFth+xdxlcHRljqFyuCJ9WfvoLkwFc4BAm4i/dAzHzis62VWUuNOMUv6yj/+MrJPqugqD4WDWPqQ==",
      "requires": {
        "async": "2.6.2",
        "bson": "~1.1.1",
        "kareem": "2.3.0",
        "mongodb": "3.2.7",
        "mongodb-core": "3.2.7",
        "mongoose-legacy-pluralize": "1.0.2",
        "mpath": "0.6.0",
        "mquery": "3.2.1",
        "ms": "2.1.2",
        "regexp-clone": "1.0.0",
        "safe-buffer": "5.1.2",
        "sift": "7.0.1",
        "sliced": "1.0.1"
      },
      "dependencies": {
        "ms": {
          "version": "2.1.2",
          "resolved": "https://registry.npmjs.org/ms/-/ms-2.1.2.tgz",
          "integrity": "sha512-sGkPx+VjMtmA6MX27oA4FBFELFCZZ4S4XqeGOXCv68tT+jb3vk/RyaKWP0PTKyWtmLSM0b+adUTEvbs1PEaH2w=="
        }
      }
    },
    "mongoose-legacy-pluralize": {
      "version": "1.0.2",
      "resolved": "https://registry.npmjs.org/mongoose-legacy-pluralize/-/mongoose-legacy-pluralize-1.0.2.tgz",
      "integrity": "sha512-Yo/7qQU4/EyIS8YDFSeenIvXxZN+ld7YdV9LqFVQJzTLye8unujAWPZ4NWKfFA+RNjh+wvTWKY9Z3E5XM6ZZiQ=="
    },
    "mpath": {
      "version": "0.6.0",
      "resolved": "https://registry.npmjs.org/mpath/-/mpath-0.6.0.tgz",
      "integrity": "sha512-i75qh79MJ5Xo/sbhxrDrPSEG0H/mr1kcZXJ8dH6URU5jD/knFxCVqVC/gVSW7GIXL/9hHWlT9haLbCXWOll3qw=="
    },
    "mquery": {
      "version": "3.2.1",
      "resolved": "https://registry.npmjs.org/mquery/-/mquery-3.2.1.tgz",
      "integrity": "sha512-kY/K8QToZWTTocm0U+r8rqcJCp5PRl6e8tPmoDs5OeSO3DInZE2rAL6AYH+V406JTo8305LdASOQcxRDqHojyw==",
      "requires": {
        "bluebird": "3.5.1",
        "debug": "3.1.0",
        "regexp-clone": "^1.0.0",
        "safe-buffer": "5.1.2",
        "sliced": "1.0.1"
      }
    },
    "ms": {
      "version": "2.0.0",
      "resolved": "https://registry.npmjs.org/ms/-/ms-2.0.0.tgz",
      "integrity": "sha1-VgiurfwAvmwpAd9fmGF4jeDVl8g="
    },
    "mz": {
      "version": "2.7.0",
      "resolved": "https://registry.npmjs.org/mz/-/mz-2.7.0.tgz",
      "integrity": "sha512-z81GNO7nnYMEhrGh9LeymoE4+Yr0Wn5McHIZMK5cfQCl+NDX08sCZgUc9/6MHni9IWuFLm1Z3HTCXu2z9fN62Q==",
      "requires": {
        "any-promise": "^1.0.0",
        "object-assign": "^4.0.1",
        "thenify-all": "^1.0.0"
      }
    },
    "negotiator": {
      "version": "0.6.2",
      "resolved": "https://registry.npmjs.org/negotiator/-/negotiator-0.6.2.tgz",
      "integrity": "sha512-hZXc7K2e+PgeI1eDBe/10Ard4ekbfrrqG8Ep+8Jmf4JID2bNg7NvCPOZN+kfF574pFQI7mum2AUqDidoKqcTOw=="
    },
    "node-emoji": {
      "version": "1.10.0",
      "resolved": "https://registry.npmjs.org/node-emoji/-/node-emoji-1.10.0.tgz",
      "integrity": "sha512-Yt3384If5H6BYGVHiHwTL+99OzJKHhgp82S8/dktEK73T26BazdgZ4JZh92xSVtGNJvz9UbXdNAc5hcrXV42vw==",
      "requires": {
        "lodash.toarray": "^4.4.0"
      }
    },
    "object-assign": {
      "version": "4.1.1",
      "resolved": "https://registry.npmjs.org/object-assign/-/object-assign-4.1.1.tgz",
      "integrity": "sha1-IQmtx5ZYh8/AXLvUQsrIv7s2CGM="
    },
    "on-finished": {
      "version": "2.3.0",
      "resolved": "https://registry.npmjs.org/on-finished/-/on-finished-2.3.0.tgz",
      "integrity": "sha1-IPEzZIGwg811M3mSoWlxqi2QaUc=",
      "requires": {
        "ee-first": "1.1.1"
      }
    },
    "only": {
      "version": "0.0.2",
      "resolved": "https://registry.npmjs.org/only/-/only-0.0.2.tgz",
      "integrity": "sha1-Kv3oTQPlC5qO3EROMGEKcCle37Q="
    },
    "parseurl": {
      "version": "1.3.3",
      "resolved": "https://registry.npmjs.org/parseurl/-/parseurl-1.3.3.tgz",
      "integrity": "sha512-CiyeOxFT/JZyN5m0z9PfXw4SCBJ6Sygz1Dpl0wqjlhDEGGBP1GnsUVEL0p63hoG1fcj3fHynXi9NYO4nWOL+qQ=="
    },
    "path-is-absolute": {
      "version": "1.0.1",
      "resolved": "https://registry.npmjs.org/path-is-absolute/-/path-is-absolute-1.0.1.tgz",
      "integrity": "sha1-F0uSaHNVNP+8es5r9TpanhtcX18="
    },
    "path-to-regexp": {
      "version": "1.7.0",
      "resolved": "https://registry.npmjs.org/path-to-regexp/-/path-to-regexp-1.7.0.tgz",
      "integrity": "sha1-Wf3g9DW62suhA6hOnTvGTpa5k30=",
      "requires": {
        "isarray": "0.0.1"
      }
    },
    "regexp-clone": {
      "version": "1.0.0",
      "resolved": "https://registry.npmjs.org/regexp-clone/-/regexp-clone-1.0.0.tgz",
      "integrity": "sha512-TuAasHQNamyyJ2hb97IuBEif4qBHGjPHBS64sZwytpLEqtBQ1gPJTnOaQ6qmpET16cK14kkjbazl6+p0RRv0yw=="
    },
    "require_optional": {
      "version": "1.0.1",
      "resolved": "https://registry.npmjs.org/require_optional/-/require_optional-1.0.1.tgz",
      "integrity": "sha512-qhM/y57enGWHAe3v/NcwML6a3/vfESLe/sGM2dII+gEO0BpKRUkWZow/tyloNqJyN6kXSl3RyyM8Ll5D/sJP8g==",
      "requires": {
        "resolve-from": "^2.0.0",
        "semver": "^5.1.0"
      }
    },
    "resolve-from": {
      "version": "2.0.0",
      "resolved": "https://registry.npmjs.org/resolve-from/-/resolve-from-2.0.0.tgz",
      "integrity": "sha1-lICrIOlP+h2egKgEx+oUdhGWa1c="
    },
    "resolve-path": {
      "version": "1.4.0",
      "resolved": "https://registry.npmjs.org/resolve-path/-/resolve-path-1.4.0.tgz",
      "integrity": "sha1-xL2p9e+y/OZSR4c6s2u02DT+Fvc=",
      "requires": {
        "http-errors": "~1.6.2",
        "path-is-absolute": "1.0.1"
      },
      "dependencies": {
        "http-errors": {
          "version": "1.6.3",
          "resolved": "https://registry.npmjs.org/http-errors/-/http-errors-1.6.3.tgz",
          "integrity": "sha1-i1VoC7S+KDoLW/TqLjhYC+HZMg0=",
          "requires": {
            "depd": "~1.1.2",
            "inherits": "2.0.3",
            "setprototypeof": "1.1.0",
            "statuses": ">= 1.4.0 < 2"
          }
        },
        "inherits": {
          "version": "2.0.3",
          "resolved": "https://registry.npmjs.org/inherits/-/inherits-2.0.3.tgz",
          "integrity": "sha1-Yzwsg+PaQqUC9SRmAiSA9CCCYd4="
        },
        "setprototypeof": {
          "version": "1.1.0",
          "resolved": "https://registry.npmjs.org/setprototypeof/-/setprototypeof-1.1.0.tgz",
          "integrity": "sha512-BvE/TwpZX4FXExxOxZyRGQQv651MSwmWKZGqvmPcRIjDqWub67kTKuIMx43cZZrS/cBBzwBcNDWoFxt2XEFIpQ=="
        }
      }
    },
    "safe-buffer": {
      "version": "5.1.2",
      "resolved": "https://registry.npmjs.org/safe-buffer/-/safe-buffer-5.1.2.tgz",
      "integrity": "sha512-Gd2UZBJDkXlY7GbJxfsE8/nvKkUEU1G38c1siN6QP6a9PT9MmHB8GnpscSmMJSoF8LOIrt8ud/wPtojys4G6+g=="
    },
    "saslprep": {
      "version": "1.0.3",
      "resolved": "https://registry.npmjs.org/saslprep/-/saslprep-1.0.3.tgz",
      "integrity": "sha512-/MY/PEMbk2SuY5sScONwhUDsV2p77Znkb/q3nSVstq/yQzYJOH/Azh29p9oJLsl3LnQwSvZDKagDGBsBwSooag==",
      "optional": true,
      "requires": {
        "sparse-bitfield": "^3.0.3"
      }
    },
    "semver": {
      "version": "5.7.0",
      "resolved": "https://registry.npmjs.org/semver/-/semver-5.7.0.tgz",
      "integrity": "sha512-Ya52jSX2u7QKghxeoFGpLwCtGlt7j0oY9DYb5apt9nPlJ42ID+ulTXESnt/qAQcoSERyZ5sl3LDIOw0nAn/5DA=="
    },
    "setprototypeof": {
      "version": "1.1.1",
      "resolved": "https://registry.npmjs.org/setprototypeof/-/setprototypeof-1.1.1.tgz",
      "integrity": "sha512-JvdAWfbXeIGaZ9cILp38HntZSFSo3mWg6xGcJJsd+d4aRMOqauag1C63dJfDw7OaMYwEbHMOxEZ1lqVRYP2OAw=="
    },
    "sift": {
      "version": "7.0.1",
      "resolved": "https://registry.npmjs.org/sift/-/sift-7.0.1.tgz",
      "integrity": "sha512-oqD7PMJ+uO6jV9EQCl0LrRw1OwsiPsiFQR5AR30heR+4Dl7jBBbDLnNvWiak20tzZlSE1H7RB30SX/1j/YYT7g=="
    },
    "sliced": {
      "version": "1.0.1",
      "resolved": "https://registry.npmjs.org/sliced/-/sliced-1.0.1.tgz",
      "integrity": "sha1-CzpmK10Ewxd7GSa+qCsD+Dei70E="
    },
    "sparse-bitfield": {
      "version": "3.0.3",
      "resolved": "https://registry.npmjs.org/sparse-bitfield/-/sparse-bitfield-3.0.3.tgz",
      "integrity": "sha1-/0rm5oZWBWuks+eSqzM004JzyhE=",
      "optional": true,
      "requires": {
        "memory-pager": "^1.0.2"
      }
    },
    "statuses": {
      "version": "1.5.0",
      "resolved": "https://registry.npmjs.org/statuses/-/statuses-1.5.0.tgz",
      "integrity": "sha1-Fhx9rBd2Wf2YEfQ3cfqZOBR4Yow="
    },
    "supports-color": {
      "version": "5.5.0",
      "resolved": "https://registry.npmjs.org/supports-color/-/supports-color-5.5.0.tgz",
      "integrity": "sha512-QjVjwdXIt408MIiAqCX4oUKsgU2EqAGzs2Ppkm4aQYbjm+ZEWEcW4SfFNTr4uMNZma0ey4f5lgLrkB0aX0QMow==",
      "requires": {
        "has-flag": "^3.0.0"
      }
    },
    "thenify": {
      "version": "3.3.0",
      "resolved": "https://registry.npmjs.org/thenify/-/thenify-3.3.0.tgz",
      "integrity": "sha1-5p44obq+lpsBCCB5eLn2K4hgSDk=",
      "requires": {
        "any-promise": "^1.0.0"
      }
    },
    "thenify-all": {
      "version": "1.6.0",
      "resolved": "https://registry.npmjs.org/thenify-all/-/thenify-all-1.6.0.tgz",
      "integrity": "sha1-GhkY1ALY/D+Y+/I02wvMjMEOlyY=",
      "requires": {
        "thenify": ">= 3.1.0 < 4"
      }
    },
    "toidentifier": {
      "version": "1.0.0",
      "resolved": "https://registry.npmjs.org/toidentifier/-/toidentifier-1.0.0.tgz",
      "integrity": "sha512-yaOH/Pk/VEhBWWTlhI+qXxDFXlejDGcQipMlyxda9nthulaxLZUNcUqFxokp0vcYnvteJln5FNQDRrxj3YcbVw=="
    },
    "type-is": {
      "version": "1.6.18",
      "resolved": "https://registry.npmjs.org/type-is/-/type-is-1.6.18.tgz",
      "integrity": "sha512-TkRKr9sUTxEH8MdfuCSP7VizJyzRNMjj2J2do2Jr3Kym598JVdEksuzPQCnlFPW4ky9Q+iA+ma9BGm06XQBy8g==",
      "requires": {
        "media-typer": "0.3.0",
        "mime-types": "~2.1.24"
      }
    },
    "universalify": {
      "version": "0.1.2",
      "resolved": "https://registry.npmjs.org/universalify/-/universalify-0.1.2.tgz",
      "integrity": "sha512-rBJeI5CXAlmy1pV+617WB9J63U6XcazHHF2f2dbJix4XzpUF0RS3Zbj0FGIOCAva5P/d/GBOYaACQ1w+0azUkg=="
    },
    "urijs": {
      "version": "1.19.1",
      "resolved": "https://registry.npmjs.org/urijs/-/urijs-1.19.1.tgz",
      "integrity": "sha512-xVrGVi94ueCJNrBSTjWqjvtgvl3cyOTThp2zaMaFNGp3F542TR6sM3f2o8RqZl+AwteClSVmoCyt0ka4RjQOQg=="
    },
    "vary": {
      "version": "1.1.2",
      "resolved": "https://registry.npmjs.org/vary/-/vary-1.1.2.tgz",
      "integrity": "sha1-IpnwLG3tMNSllhsLn3RSShj2NPw="
    },
    "ylru": {
      "version": "1.2.1",
      "resolved": "https://registry.npmjs.org/ylru/-/ylru-1.2.1.tgz",
      "integrity": "sha512-faQrqNMzcPCHGVC2aaOINk13K+aaBDUPjGWl0teOXywElLjyVAB6Oe2jj62jHYtwsU49jXhScYbvPENK+6zAvQ=="
    }
  }
}
